
Microsoft Visual Studio Solution File, Format Version 12.00
# Visual Studio Version 17
VisualStudioVersion = 17.5.002.0
MinimumVisualStudioVersion = 10.0.40219.1
Project("{9A19103F-16F7-4668-BE54-9A1E7A4F7556}") = "2024_PC2", "2024_PC2.csproj", "{4E822515-8678-4CD3-98E0-CBFEAF7EA80C}"
EndProject
Global
	GlobalSection(SolutionConfigurationPlatforms) = preSolution
		Debug|Any CPU = Debug|Any CPU
		Release|Any CPU = Release|Any CPU
	EndGlobalSection
	GlobalSection(ProjectConfigurationPlatforms) = postSolution
		{4E822515-8678-4CD3-98E0-CBFEAF7EA80C}.Debug|Any CPU.ActiveCfg = Debug|Any CPU
		{4E822515-8678-4CD3-98E0-CBFEAF7EA80C}.Debug|Any CPU.Build.0 = Debug|Any CPU
		{4E822515-8678-4CD3-98E0-CBFEAF7EA80C}.Release|Any CPU.ActiveCfg = Release|Any CPU
		{4E822515-8678-4CD3-98E0-CBFEAF7EA80C}.Release|Any CPU.Build.0 = Release|Any CPU
	EndGlobalSection
	GlobalSection(SolutionProperties) = preSolution
		HideSolutionNode = FALSE
	EndGlobalSection
	GlobalSection(ExtensibilityGlobals) = postSolution
		SolutionGuid = {5AB1D9F1-154E-433D-831E-FC8F0AB4CFD8}
	EndGlobalSection
EndGlobal
